github.com/StefMa/hugo-fresh v1.0.1-0.20240215110848-b863b0d98d76 h1:a1qpUfz24KruXJIyVc7dcfjIKSD9MM5kyRyAWBsjO/c=
github.com/StefMa/hugo-fresh v1.0.1-0.20240215110848-b863b0d98d76/go.mod h1:yRzHyco0bfnITjvq7rfAiOADfGMrDlM0kXeKBllUJEc=
github.com/jgthms/bulma v0.0.0-20220508134905-3e00a8e6d0d0/go.mod h1:89FLBKXYFKfOKAoDeUT26V0pHGwzr205cMXAEqtAVOI=
